{
  "name": "mermaidworld",
  "version": "1.0.0",
  "lockfileVersion": 2,
  "requires": true,
  "packages": {
    "": {
      "name": "mermaidworld",
      "version": "1.0.0",
      "license": "ISC",
      "dependencies": {
        "module_facad": "^4.0.6",
        "module_guide": "^4.0.11"
      }
    },
    "node_modules/module_facad": {
      "version": "4.0.6",
      "resolved": "http://verdaccio.metaapp.cn/module_facad/-/module_facad-4.0.6.tgz",
      "integrity": "sha512-6DlWMzZqaFvodPJVTN2jtU08x2BzW7MQrssiAIcEUB0rNrCXbYdQXePZ8ykRIjAjWGK1Ke6BHuFU0A4mvx/cxw==",
      "license": "ISC"
    },
    "node_modules/module_guide": {
      "version": "4.0.11",
      "resolved": "http://verdaccio.metaapp.cn/module_guide/-/module_guide-4.0.11.tgz",
      "integrity": "sha512-kBEd009/HULJQmE2jlQSaelKzRzZmhX8MTyTL1fHI03nZ0VGyP1nq8mnuaA+QcFwE9bw/hZ/KOJ1UtDIuPxYqw==",
      "license": "ISC"
    }
  },
  "dependencies": {
    "module_facad": {
      "version": "4.0.6",
      "resolved": "http://verdaccio.metaapp.cn/module_facad/-/module_facad-4.0.6.tgz",
      "integrity": "sha512-6DlWMzZqaFvodPJVTN2jtU08x2BzW7MQrssiAIcEUB0rNrCXbYdQXePZ8ykRIjAjWGK1Ke6BHuFU0A4mvx/cxw=="
    },
    "module_guide": {
      "version": "4.0.11",
      "resolved": "http://verdaccio.metaapp.cn/module_guide/-/module_guide-4.0.11.tgz",
      "integrity": "sha512-kBEd009/HULJQmE2jlQSaelKzRzZmhX8MTyTL1fHI03nZ0VGyP1nq8mnuaA+QcFwE9bw/hZ/KOJ1UtDIuPxYqw=="
    }
  }
}
